
Microsoft Visual Studio Solution File, Format Version 12.00
# Visual Studio Version 16
VisualStudioVersion = 16.0.30907.101
MinimumVisualStudioVersion = 15.0.26124.0
Project("{2150E333-8FDC-42A3-9474-1A3956D46DE8}") = "src", "src", "{89BEC938-3454-4350-8BC2-5C8913052309}"
EndProject
Project("{2150E333-8FDC-42A3-9474-1A3956D46DE8}") = "web", "web", "{463D7609-1BDD-4F64-B23B-9DF2AB71B6A7}"
EndProject
Project("{FAE04EC0-301F-11D3-BF4B-00C04F79EFBC}") = "StartupConfiguration.MVC", "src\web\StartupConfiguration.MVC\StartupConfiguration.MVC.csproj", "{89CD60D0-CBD1-4403-BBBF-4A54D8F1348F}"
EndProject
Global
	GlobalSection(SolutionConfigurationPlatforms) = preSolution
		Debug|Any CPU = Debug|Any CPU
		Debug|x64 = Debug|x64
		Debug|x86 = Debug|x86
		Release|Any CPU = Release|Any CPU
		Release|x64 = Release|x64
		Release|x86 = Release|x86
	EndGlobalSection
	GlobalSection(ProjectConfigurationPlatforms) = postSolution
		{89CD60D0-CBD1-4403-BBBF-4A54D8F1348F}.Debug|Any CPU.ActiveCfg = Debug|Any CPU
		{89CD60D0-CBD1-4403-BBBF-4A54D8F1348F}.Debug|Any CPU.Build.0 = Debug|Any CPU
		{89CD60D0-CBD1-4403-BBBF-4A54D8F1348F}.Debug|x64.ActiveCfg = Debug|Any CPU
		{89CD60D0-CBD1-4403-BBBF-4A54D8F1348F}.Debug|x64.Build.0 = Debug|Any CPU
		{89CD60D0-CBD1-4403-BBBF-4A54D8F1348F}.Debug|x86.ActiveCfg = Debug|Any CPU
		{89CD60D0-CBD1-4403-BBBF-4A54D8F1348F}.Debug|x86.Build.0 = Debug|Any CPU
		{89CD60D0-CBD1-4403-BBBF-4A54D8F1348F}.Release|Any CPU.ActiveCfg = Release|Any CPU
		{89CD60D0-CBD1-4403-BBBF-4A54D8F1348F}.Release|Any CPU.Build.0 = Release|Any CPU
		{89CD60D0-CBD1-4403-BBBF-4A54D8F1348F}.Release|x64.ActiveCfg = Release|Any CPU
		{89CD60D0-CBD1-4403-BBBF-4A54D8F1348F}.Release|x64.Build.0 = Release|Any CPU
		{89CD60D0-CBD1-4403-BBBF-4A54D8F1348F}.Release|x86.ActiveCfg = Release|Any CPU
		{89CD60D0-CBD1-4403-BBBF-4A54D8F1348F}.Release|x86.Build.0 = Release|Any CPU
	EndGlobalSection
	GlobalSection(SolutionProperties) = preSolution
		HideSolutionNode = FALSE
	EndGlobalSection
	GlobalSection(NestedProjects) = preSolution
		{463D7609-1BDD-4F64-B23B-9DF2AB71B6A7} = {89BEC938-3454-4350-8BC2-5C8913052309}
		{89CD60D0-CBD1-4403-BBBF-4A54D8F1348F} = {463D7609-1BDD-4F64-B23B-9DF2AB71B6A7}
	EndGlobalSection
	GlobalSection(ExtensibilityGlobals) = postSolution
		SolutionGuid = {BD82C633-7B18-4FC6-BB3A-82F5B785CD6D}
	EndGlobalSection
EndGlobal
